
Microsoft Visual Studio Solution File, Format Version 12.00
# Visual Studio 2012
Project("{2150E333-8FDC-42A3-9474-1A3956D46DE8}") = "Solution Items", "Solution Items", "{0ABCF40C-F425-45A2-A387-5513B7808FC0}"
	ProjectSection(SolutionItems) = preProject
		Local.testsettings = Local.testsettings
		TraceAndTestImpact.testsettings = TraceAndTestImpact.testsettings
		Usus.net.vsmdi = Usus.net.vsmdi
	EndProjectSection
EndProject
Project("{FAE04EC0-301F-11D3-BF4B-00C04F79EFBC}") = "Usus.net.View", "Usus.net.View\Usus.net.View.csproj", "{08D9B61E-6197-4775-B90E-9F685C731BFB}"
EndProject
Project("{FAE04EC0-301F-11D3-BF4B-00C04F79EFBC}") = "Usus.net.Core", "Usus.net.Core\Usus.net.Core.csproj", "{F8527516-94DE-42E3-B885-C7664EE4F655}"
EndProject
Project("{FAE04EC0-301F-11D3-BF4B-00C04F79EFBC}") = "Usus.net.Console", "Usus.net.Console\Usus.net.Console.csproj", "{052B23C7-B2AE-4A75-A272-43E81E9C08AE}"
EndProject
Project("{FAE04EC0-301F-11D3-BF4B-00C04F79EFBC}") = "Usus.net.Core.IntegrationTests", "Usus.net.Core.IntegrationTests\Usus.net.Core.IntegrationTests.csproj", "{A4719E35-7E5F-47F7-8022-FFA97B0FBD67}"
EndProject
Project("{FAE04EC0-301F-11D3-BF4B-00C04F79EFBC}") = "Usus.net.Core.UnitTests", "Usus.net.Core.UnitTests\Usus.net.Core.UnitTests.csproj", "{E7F79C9A-C6C1-4A1A-8C5B-C337909FD018}"
EndProject
Project("{FAE04EC0-301F-11D3-BF4B-00C04F79EFBC}") = "Usus.net", "Usus.net\Usus.net.csproj", "{D89FA574-158F-4FEC-B1B5-C8E197F1E622}"
EndProject
Project("{FAE04EC0-301F-11D3-BF4B-00C04F79EFBC}") = "Usus.net.Cockpit", "Usus.net.Cockpit\Usus.net.Cockpit.csproj", "{E4E3AE72-6BD6-4B75-854A-574AB793D41A}"
EndProject
Project("{FAE04EC0-301F-11D3-BF4B-00C04F79EFBC}") = "Usus.net.Shell", "Usus.net.Shell\Usus.net.Shell.csproj", "{23C071D4-3379-4033-802F-96EDD9FB00F4}"
EndProject
Project("{FAE04EC0-301F-11D3-BF4B-00C04F79EFBC}") = "Usus.net.Hotspots", "Usus.net.Hotspots\Usus.net.Hotspots.csproj", "{6E8A1B85-1210-46FF-B8EC-F1242F739452}"
EndProject
Project("{FAE04EC0-301F-11D3-BF4B-00C04F79EFBC}") = "Usus.net.ExtensionHelper", "Usus.net.ExtensionHelper\Usus.net.ExtensionHelper.csproj", "{A7B2DE89-865F-44CD-B6B3-4F60C8602225}"
EndProject
Project("{FAE04EC0-301F-11D3-BF4B-00C04F79EFBC}") = "Usus.net.CleanCode", "Usus.net.CleanCode\Usus.net.CleanCode.csproj", "{47F974FF-B067-4440-BF20-3C07C83A01E5}"
EndProject
Project("{FAE04EC0-301F-11D3-BF4B-00C04F79EFBC}") = "Usus.net.Current", "Usus.net.Current\Usus.net.Current.csproj", "{312E55D0-4DA0-4039-BD95-E9ED234DD3B8}"
EndProject
Project("{FAE04EC0-301F-11D3-BF4B-00C04F79EFBC}") = "Usus.net.Distributions", "Usus.net.Distributions\Usus.net.Distributions.csproj", "{EC7EF274-EA41-4536-A849-5608921F2236}"
EndProject
Project("{FAE04EC0-301F-11D3-BF4B-00C04F79EFBC}") = "Usus.net.Menus", "Usus.net.Menus\Usus.net.Menus.csproj", "{528EDEA0-5D62-483B-8801-3ED9632E1D5E}"
EndProject
Project("{FAE04EC0-301F-11D3-BF4B-00C04F79EFBC}") = "Usus.net.Sqi", "Usus.net.Sqi\Usus.net.Sqi.csproj", "{14D86696-B774-4058-A0D1-451C8AC177AD}"
EndProject
Project("{FAE04EC0-301F-11D3-BF4B-00C04F79EFBC}") = "Usus.net.View.UnitTests", "Usus.net.View.UnitTests\Usus.net.View.UnitTests.csproj", "{E55D3BE8-9EF3-4094-B4D7-507213A9F7F4}"
EndProject
Global
	GlobalSection(TestCaseManagementSettings) = postSolution
		CategoryFile = Usus.net.vsmdi
	EndGlobalSection
	GlobalSection(SolutionConfigurationPlatforms) = preSolution
		Debug|Any CPU = Debug|Any CPU
		Debug|Mixed Platforms = Debug|Mixed Platforms
		Debug|x86 = Debug|x86
		Release|Any CPU = Release|Any CPU
		Release|Mixed Platforms = Release|Mixed Platforms
		Release|x86 = Release|x86
	EndGlobalSection
	GlobalSection(ProjectConfigurationPlatforms) = postSolution
		{08D9B61E-6197-4775-B90E-9F685C731BFB}.Debug|Any CPU.ActiveCfg = Debug|Any CPU
		{08D9B61E-6197-4775-B90E-9F685C731BFB}.Debug|Any CPU.Build.0 = Debug|Any CPU
		{08D9B61E-6197-4775-B90E-9F685C731BFB}.Debug|Mixed Platforms.ActiveCfg = Debug|Any CPU
		{08D9B61E-6197-4775-B90E-9F685C731BFB}.Debug|Mixed Platforms.Build.0 = Debug|Any CPU
		{08D9B61E-6197-4775-B90E-9F685C731BFB}.Debug|x86.ActiveCfg = Debug|Any CPU
		{08D9B61E-6197-4775-B90E-9F685C731BFB}.Release|Any CPU.ActiveCfg = Release|Any CPU
		{08D9B61E-6197-4775-B90E-9F685C731BFB}.Release|Any CPU.Build.0 = Release|Any CPU
		{08D9B61E-6197-4775-B90E-9F685C731BFB}.Release|Mixed Platforms.ActiveCfg = Release|Any CPU
		{08D9B61E-6197-4775-B90E-9F685C731BFB}.Release|Mixed Platforms.Build.0 = Release|Any CPU
		{08D9B61E-6197-4775-B90E-9F685C731BFB}.Release|x86.ActiveCfg = Release|Any CPU
		{F8527516-94DE-42E3-B885-C7664EE4F655}.Debug|Any CPU.ActiveCfg = Debug|Any CPU
		{F8527516-94DE-42E3-B885-C7664EE4F655}.Debug|Any CPU.Build.0 = Debug|Any CPU
		{F8527516-94DE-42E3-B885-C7664EE4F655}.Debug|Mixed Platforms.ActiveCfg = Debug|Any CPU
		{F8527516-94DE-42E3-B885-C7664EE4F655}.Debug|Mixed Platforms.Build.0 = Debug|Any CPU
		{F8527516-94DE-42E3-B885-C7664EE4F655}.Debug|x86.ActiveCfg = Debug|Any CPU
		{F8527516-94DE-42E3-B885-C7664EE4F655}.Release|Any CPU.ActiveCfg = Release|Any CPU
		{F8527516-94DE-42E3-B885-C7664EE4F655}.Release|Any CPU.Build.0 = Release|Any CPU
		{F8527516-94DE-42E3-B885-C7664EE4F655}.Release|Mixed Platforms.ActiveCfg = Release|Any CPU
		{F8527516-94DE-42E3-B885-C7664EE4F655}.Release|Mixed Platforms.Build.0 = Release|Any CPU
		{F8527516-94DE-42E3-B885-C7664EE4F655}.Release|x86.ActiveCfg = Release|Any CPU
		{052B23C7-B2AE-4A75-A272-43E81E9C08AE}.Debug|Any CPU.ActiveCfg = Debug|x86
		{052B23C7-B2AE-4A75-A272-43E81E9C08AE}.Debug|Mixed Platforms.ActiveCfg = Debug|x86
		{052B23C7-B2AE-4A75-A272-43E81E9C08AE}.Debug|Mixed Platforms.Build.0 = Debug|x86
		{052B23C7-B2AE-4A75-A272-43E81E9C08AE}.Debug|x86.ActiveCfg = Debug|x86
		{052B23C7-B2AE-4A75-A272-43E81E9C08AE}.Debug|x86.Build.0 = Debug|x86
		{052B23C7-B2AE-4A75-A272-43E81E9C08AE}.Release|Any CPU.ActiveCfg = Release|x86
		{052B23C7-B2AE-4A75-A272-43E81E9C08AE}.Release|Mixed Platforms.ActiveCfg = Release|x86
		{052B23C7-B2AE-4A75-A272-43E81E9C08AE}.Release|Mixed Platforms.Build.0 = Release|x86
		{052B23C7-B2AE-4A75-A272-43E81E9C08AE}.Release|x86.ActiveCfg = Release|x86
		{052B23C7-B2AE-4A75-A272-43E81E9C08AE}.Release|x86.Build.0 = Release|x86
		{A4719E35-7E5F-47F7-8022-FFA97B0FBD67}.Debug|Any CPU.ActiveCfg = Debug|Any CPU
		{A4719E35-7E5F-47F7-8022-FFA97B0FBD67}.Debug|Any CPU.Build.0 = Debug|Any CPU
		{A4719E35-7E5F-47F7-8022-FFA97B0FBD67}.Debug|Mixed Platforms.ActiveCfg = Debug|Any CPU
		{A4719E35-7E5F-47F7-8022-FFA97B0FBD67}.Debug|Mixed Platforms.Build.0 = Debug|Any CPU
		{A4719E35-7E5F-47F7-8022-FFA97B0FBD67}.Debug|x86.ActiveCfg = Debug|Any CPU
		{A4719E35-7E5F-47F7-8022-FFA97B0FBD67}.Release|Any CPU.ActiveCfg = Release|Any CPU
		{A4719E35-7E5F-47F7-8022-FFA97B0FBD67}.Release|Any CPU.Build.0 = Release|Any CPU
		{A4719E35-7E5F-47F7-8022-FFA97B0FBD67}.Release|Mixed Platforms.ActiveCfg = Release|Any CPU
		{A4719E35-7E5F-47F7-8022-FFA97B0FBD67}.Release|Mixed Platforms.Build.0 = Release|Any CPU
		{A4719E35-7E5F-47F7-8022-FFA97B0FBD67}.Release|x86.ActiveCfg = Release|Any CPU
		{E7F79C9A-C6C1-4A1A-8C5B-C337909FD018}.Debug|Any CPU.ActiveCfg = Debug|Any CPU
		{E7F79C9A-C6C1-4A1A-8C5B-C337909FD018}.Debug|Any CPU.Build.0 = Debug|Any CPU
		{E7F79C9A-C6C1-4A1A-8C5B-C337909FD018}.Debug|Mixed Platforms.ActiveCfg = Debug|Any CPU
		{E7F79C9A-C6C1-4A1A-8C5B-C337909FD018}.Debug|Mixed Platforms.Build.0 = Debug|Any CPU
		{E7F79C9A-C6C1-4A1A-8C5B-C337909FD018}.Debug|x86.ActiveCfg = Debug|Any CPU
		{E7F79C9A-C6C1-4A1A-8C5B-C337909FD018}.Release|Any CPU.ActiveCfg = Release|Any CPU
		{E7F79C9A-C6C1-4A1A-8C5B-C337909FD018}.Release|Any CPU.Build.0 = Release|Any CPU
		{E7F79C9A-C6C1-4A1A-8C5B-C337909FD018}.Release|Mixed Platforms.ActiveCfg = Release|Any CPU
		{E7F79C9A-C6C1-4A1A-8C5B-C337909FD018}.Release|Mixed Platforms.Build.0 = Release|Any CPU
		{E7F79C9A-C6C1-4A1A-8C5B-C337909FD018}.Release|x86.ActiveCfg = Release|Any CPU
		{D89FA574-158F-4FEC-B1B5-C8E197F1E622}.Debug|Any CPU.ActiveCfg = Debug|Any CPU
		{D89FA574-158F-4FEC-B1B5-C8E197F1E622}.Debug|Any CPU.Build.0 = Debug|Any CPU
		{D89FA574-158F-4FEC-B1B5-C8E197F1E622}.Debug|Mixed Platforms.ActiveCfg = Debug|Any CPU
		{D89FA574-158F-4FEC-B1B5-C8E197F1E622}.Debug|Mixed Platforms.Build.0 = Debug|Any CPU
		{D89FA574-158F-4FEC-B1B5-C8E197F1E622}.Debug|x86.ActiveCfg = Debug|Any CPU
		{D89FA574-158F-4FEC-B1B5-C8E197F1E622}.Release|Any CPU.ActiveCfg = Release|Any CPU
		{D89FA574-158F-4FEC-B1B5-C8E197F1E622}.Release|Any CPU.Build.0 = Release|Any CPU
		{D89FA574-158F-4FEC-B1B5-C8E197F1E622}.Release|Mixed Platforms.ActiveCfg = Release|Any CPU
		{D89FA574-158F-4FEC-B1B5-C8E197F1E622}.Release|Mixed Platforms.Build.0 = Release|Any CPU
		{D89FA574-158F-4FEC-B1B5-C8E197F1E622}.Release|x86.ActiveCfg = Release|Any CPU
		{E4E3AE72-6BD6-4B75-854A-574AB793D41A}.Debug|Any CPU.ActiveCfg = Debug|Any CPU
		{E4E3AE72-6BD6-4B75-854A-574AB793D41A}.Debug|Any CPU.Build.0 = Debug|Any CPU
		{E4E3AE72-6BD6-4B75-854A-574AB793D41A}.Debug|Mixed Platforms.ActiveCfg = Debug|Any CPU
		{E4E3AE72-6BD6-4B75-854A-574AB793D41A}.Debug|Mixed Platforms.Build.0 = Debug|Any CPU
		{E4E3AE72-6BD6-4B75-854A-574AB793D41A}.Debug|x86.ActiveCfg = Debug|Any CPU
		{E4E3AE72-6BD6-4B75-854A-574AB793D41A}.Release|Any CPU.ActiveCfg = Release|Any CPU
		{E4E3AE72-6BD6-4B75-854A-574AB793D41A}.Release|Any CPU.Build.0 = Release|Any CPU
		{E4E3AE72-6BD6-4B75-854A-574AB793D41A}.Release|Mixed Platforms.ActiveCfg = Release|Any CPU
		{E4E3AE72-6BD6-4B75-854A-574AB793D41A}.Release|Mixed Platforms.Build.0 = Release|Any CPU
		{E4E3AE72-6BD6-4B75-854A-574AB793D41A}.Release|x86.ActiveCfg = Release|Any CPU
		{23C071D4-3379-4033-802F-96EDD9FB00F4}.Debug|Any CPU.ActiveCfg = Debug|x86
		{23C071D4-3379-4033-802F-96EDD9FB00F4}.Debug|Mixed Platforms.ActiveCfg = Debug|x86
		{23C071D4-3379-4033-802F-96EDD9FB00F4}.Debug|Mixed Platforms.Build.0 = Debug|x86
		{23C071D4-3379-4033-802F-96EDD9FB00F4}.Debug|x86.ActiveCfg = Debug|x86
		{23C071D4-3379-4033-802F-96EDD9FB00F4}.Debug|x86.Build.0 = Debug|x86
		{23C071D4-3379-4033-802F-96EDD9FB00F4}.Release|Any CPU.ActiveCfg = Release|x86
		{23C071D4-3379-4033-802F-96EDD9FB00F4}.Release|Mixed Platforms.ActiveCfg = Release|x86
		{23C071D4-3379-4033-802F-96EDD9FB00F4}.Release|Mixed Platforms.Build.0 = Release|x86
		{23C071D4-3379-4033-802F-96EDD9FB00F4}.Release|x86.ActiveCfg = Release|x86
		{23C071D4-3379-4033-802F-96EDD9FB00F4}.Release|x86.Build.0 = Release|x86
		{6E8A1B85-1210-46FF-B8EC-F1242F739452}.Debug|Any CPU.ActiveCfg = Debug|Any CPU
		{6E8A1B85-1210-46FF-B8EC-F1242F739452}.Debug|Any CPU.Build.0 = Debug|Any CPU
		{6E8A1B85-1210-46FF-B8EC-F1242F739452}.Debug|Mixed Platforms.ActiveCfg = Debug|Any CPU
		{6E8A1B85-1210-46FF-B8EC-F1242F739452}.Debug|Mixed Platforms.Build.0 = Debug|Any CPU
		{6E8A1B85-1210-46FF-B8EC-F1242F739452}.Debug|x86.ActiveCfg = Debug|Any CPU
		{6E8A1B85-1210-46FF-B8EC-F1242F739452}.Release|Any CPU.ActiveCfg = Release|Any CPU
		{6E8A1B85-1210-46FF-B8EC-F1242F739452}.Release|Any CPU.Build.0 = Release|Any CPU
		{6E8A1B85-1210-46FF-B8EC-F1242F739452}.Release|Mixed Platforms.ActiveCfg = Release|Any CPU
		{6E8A1B85-1210-46FF-B8EC-F1242F739452}.Release|Mixed Platforms.Build.0 = Release|Any CPU
		{6E8A1B85-1210-46FF-B8EC-F1242F739452}.Release|x86.ActiveCfg = Release|Any CPU
		{A7B2DE89-865F-44CD-B6B3-4F60C8602225}.Debug|Any CPU.ActiveCfg = Debug|Any CPU
		{A7B2DE89-865F-44CD-B6B3-4F60C8602225}.Debug|Any CPU.Build.0 = Debug|Any CPU
		{A7B2DE89-865F-44CD-B6B3-4F60C8602225}.Debug|Mixed Platforms.ActiveCfg = Debug|Any CPU
		{A7B2DE89-865F-44CD-B6B3-4F60C8602225}.Debug|Mixed Platforms.Build.0 = Debug|Any CPU
		{A7B2DE89-865F-44CD-B6B3-4F60C8602225}.Debug|x86.ActiveCfg = Debug|Any CPU
		{A7B2DE89-865F-44CD-B6B3-4F60C8602225}.Release|Any CPU.ActiveCfg = Release|Any CPU
		{A7B2DE89-865F-44CD-B6B3-4F60C8602225}.Release|Any CPU.Build.0 = Release|Any CPU
		{A7B2DE89-865F-44CD-B6B3-4F60C8602225}.Release|Mixed Platforms.ActiveCfg = Release|Any CPU
		{A7B2DE89-865F-44CD-B6B3-4F60C8602225}.Release|Mixed Platforms.Build.0 = Release|Any CPU
		{A7B2DE89-865F-44CD-B6B3-4F60C8602225}.Release|x86.ActiveCfg = Release|Any CPU
		{47F974FF-B067-4440-BF20-3C07C83A01E5}.Debug|Any CPU.ActiveCfg = Debug|Any CPU
		{47F974FF-B067-4440-BF20-3C07C83A01E5}.Debug|Any CPU.Build.0 = Debug|Any CPU
		{47F974FF-B067-4440-BF20-3C07C83A01E5}.Debug|Mixed Platforms.ActiveCfg = Debug|Any CPU
		{47F974FF-B067-4440-BF20-3C07C83A01E5}.Debug|Mixed Platforms.Build.0 = Debug|Any CPU
		{47F974FF-B067-4440-BF20-3C07C83A01E5}.Debug|x86.ActiveCfg = Debug|Any CPU
		{47F974FF-B067-4440-BF20-3C07C83A01E5}.Release|Any CPU.ActiveCfg = Release|Any CPU
		{47F974FF-B067-4440-BF20-3C07C83A01E5}.Release|Any CPU.Build.0 = Release|Any CPU
		{47F974FF-B067-4440-BF20-3C07C83A01E5}.Release|Mixed Platforms.ActiveCfg = Release|Any CPU
		{47F974FF-B067-4440-BF20-3C07C83A01E5}.Release|Mixed Platforms.Build.0 = Release|Any CPU
		{47F974FF-B067-4440-BF20-3C07C83A01E5}.Release|x86.ActiveCfg = Release|Any CPU
		{312E55D0-4DA0-4039-BD95-E9ED234DD3B8}.Debug|Any CPU.ActiveCfg = Debug|Any CPU
		{312E55D0-4DA0-4039-BD95-E9ED234DD3B8}.Debug|Any CPU.Build.0 = Debug|Any CPU
		{312E55D0-4DA0-4039-BD95-E9ED234DD3B8}.Debug|Mixed Platforms.ActiveCfg = Debug|Any CPU
		{312E55D0-4DA0-4039-BD95-E9ED234DD3B8}.Debug|Mixed Platforms.Build.0 = Debug|Any CPU
		{312E55D0-4DA0-4039-BD95-E9ED234DD3B8}.Debug|x86.ActiveCfg = Debug|Any CPU
		{312E55D0-4DA0-4039-BD95-E9ED234DD3B8}.Release|Any CPU.ActiveCfg = Release|Any CPU
		{312E55D0-4DA0-4039-BD95-E9ED234DD3B8}.Release|Any CPU.Build.0 = Release|Any CPU
		{312E55D0-4DA0-4039-BD95-E9ED234DD3B8}.Release|Mixed Platforms.ActiveCfg = Release|Any CPU
		{312E55D0-4DA0-4039-BD95-E9ED234DD3B8}.Release|Mixed Platforms.Build.0 = Release|Any CPU
		{312E55D0-4DA0-4039-BD95-E9ED234DD3B8}.Release|x86.ActiveCfg = Release|Any CPU
		{EC7EF274-EA41-4536-A849-5608921F2236}.Debug|Any CPU.ActiveCfg = Debug|Any CPU
		{EC7EF274-EA41-4536-A849-5608921F2236}.Debug|Any CPU.Build.0 = Debug|Any CPU
		{EC7EF274-EA41-4536-A849-5608921F2236}.Debug|Mixed Platforms.ActiveCfg = Debug|Any CPU
		{EC7EF274-EA41-4536-A849-5608921F2236}.Debug|Mixed Platforms.Build.0 = Debug|Any CPU
		{EC7EF274-EA41-4536-A849-5608921F2236}.Debug|x86.ActiveCfg = Debug|Any CPU
		{EC7EF274-EA41-4536-A849-5608921F2236}.Release|Any CPU.ActiveCfg = Release|Any CPU
		{EC7EF274-EA41-4536-A849-5608921F2236}.Release|Any CPU.Build.0 = Release|Any CPU
		{EC7EF274-EA41-4536-A849-5608921F2236}.Release|Mixed Platforms.ActiveCfg = Release|Any CPU
		{EC7EF274-EA41-4536-A849-5608921F2236}.Release|Mixed Platforms.Build.0 = Release|Any CPU
		{EC7EF274-EA41-4536-A849-5608921F2236}.Release|x86.ActiveCfg = Release|Any CPU
		{528EDEA0-5D62-483B-8801-3ED9632E1D5E}.Debug|Any CPU.ActiveCfg = Debug|Any CPU
		{528EDEA0-5D62-483B-8801-3ED9632E1D5E}.Debug|Any CPU.Build.0 = Debug|Any CPU
		{528EDEA0-5D62-483B-8801-3ED9632E1D5E}.Debug|Mixed Platforms.ActiveCfg = Debug|Any CPU
		{528EDEA0-5D62-483B-8801-3ED9632E1D5E}.Debug|Mixed Platforms.Build.0 = Debug|Any CPU
		{528EDEA0-5D62-483B-8801-3ED9632E1D5E}.Debug|x86.ActiveCfg = Debug|Any CPU
		{528EDEA0-5D62-483B-8801-3ED9632E1D5E}.Release|Any CPU.ActiveCfg = Release|Any CPU
		{528EDEA0-5D62-483B-8801-3ED9632E1D5E}.Release|Any CPU.Build.0 = Release|Any CPU
		{528EDEA0-5D62-483B-8801-3ED9632E1D5E}.Release|Mixed Platforms.ActiveCfg = Release|Any CPU
		{528EDEA0-5D62-483B-8801-3ED9632E1D5E}.Release|Mixed Platforms.Build.0 = Release|Any CPU
		{528EDEA0-5D62-483B-8801-3ED9632E1D5E}.Release|x86.ActiveCfg = Release|Any CPU
		{14D86696-B774-4058-A0D1-451C8AC177AD}.Debug|Any CPU.ActiveCfg = Debug|Any CPU
		{14D86696-B774-4058-A0D1-451C8AC177AD}.Debug|Any CPU.Build.0 = Debug|Any CPU
		{14D86696-B774-4058-A0D1-451C8AC177AD}.Debug|Mixed Platforms.ActiveCfg = Debug|Any CPU
		{14D86696-B774-4058-A0D1-451C8AC177AD}.Debug|Mixed Platforms.Build.0 = Debug|Any CPU
		{14D86696-B774-4058-A0D1-451C8AC177AD}.Debug|x86.ActiveCfg = Debug|Any CPU
		{14D86696-B774-4058-A0D1-451C8AC177AD}.Release|Any CPU.ActiveCfg = Release|Any CPU
		{14D86696-B774-4058-A0D1-451C8AC177AD}.Release|Any CPU.Build.0 = Release|Any CPU
		{14D86696-B774-4058-A0D1-451C8AC177AD}.Release|Mixed Platforms.ActiveCfg = Release|Any CPU
		{14D86696-B774-4058-A0D1-451C8AC177AD}.Release|Mixed Platforms.Build.0 = Release|Any CPU
		{14D86696-B774-4058-A0D1-451C8AC177AD}.Release|x86.ActiveCfg = Release|Any CPU
		{E55D3BE8-9EF3-4094-B4D7-507213A9F7F4}.Debug|Any CPU.ActiveCfg = Debug|Any CPU
		{E55D3BE8-9EF3-4094-B4D7-507213A9F7F4}.Debug|Any CPU.Build.0 = Debug|Any CPU
		{E55D3BE8-9EF3-4094-B4D7-507213A9F7F4}.Debug|Mixed Platforms.ActiveCfg = Debug|Any CPU
		{E55D3BE8-9EF3-4094-B4D7-507213A9F7F4}.Debug|Mixed Platforms.Build.0 = Debug|Any CPU
		{E55D3BE8-9EF3-4094-B4D7-507213A9F7F4}.Debug|x86.ActiveCfg = Debug|Any CPU
		{E55D3BE8-9EF3-4094-B4D7-507213A9F7F4}.Release|Any CPU.ActiveCfg = Release|Any CPU
		{E55D3BE8-9EF3-4094-B4D7-507213A9F7F4}.Release|Any CPU.Build.0 = Release|Any CPU
		{E55D3BE8-9EF3-4094-B4D7-507213A9F7F4}.Release|Mixed Platforms.ActiveCfg = Release|Any CPU
		{E55D3BE8-9EF3-4094-B4D7-507213A9F7F4}.Release|Mixed Platforms.Build.0 = Release|Any CPU
		{E55D3BE8-9EF3-4094-B4D7-507213A9F7F4}.Release|x86.ActiveCfg = Release|Any CPU
	EndGlobalSection
	GlobalSection(SolutionProperties) = preSolution
		HideSolutionNode = FALSE
	EndGlobalSection
EndGlobal
